
Microsoft Visual Studio Solution File, Format Version 12.00
# Visual Studio Version 16
VisualStudioVersion = 16.0.30517.126
MinimumVisualStudioVersion = 10.0.40219.1
Project("{FAE04EC0-301F-11D3-BF4B-00C04F79EFBC}") = "MVCEnvios", "MVCEnvios\MVCEnvios.csproj", "{CC56766A-5326-4711-A17F-88008C6ECB71}"
EndProject
Global
	GlobalSection(SolutionConfigurationPlatforms) = preSolution
		Debug|Any CPU = Debug|Any CPU
		Release|Any CPU = Release|Any CPU
	EndGlobalSection
	GlobalSection(ProjectConfigurationPlatforms) = postSolution
		{CC56766A-5326-4711-A17F-88008C6ECB71}.Debug|Any CPU.ActiveCfg = Debug|Any CPU
		{CC56766A-5326-4711-A17F-88008C6ECB71}.Debug|Any CPU.Build.0 = Debug|Any CPU
		{CC56766A-5326-4711-A17F-88008C6ECB71}.Release|Any CPU.ActiveCfg = Release|Any CPU
		{CC56766A-5326-4711-A17F-88008C6ECB71}.Release|Any CPU.Build.0 = Release|Any CPU
	EndGlobalSection
	GlobalSection(SolutionProperties) = preSolution
		HideSolutionNode = FALSE
	EndGlobalSection
	GlobalSection(ExtensibilityGlobals) = postSolution
		SolutionGuid = {FF676EAB-7C27-49C7-B7D0-6326926D6611}
	EndGlobalSection
EndGlobal
